// !$*UTF8*$!
{
	archiveVersion = 1;
	classes = {
	};
	objectVersion = 56;
	objects = {

/* Begin PBXBuildFile section */
		100000000000000000000101 /* FlowtypeApp.swift in Sources */ = {isa = PBXBuildFile; fileRef = 100000000000000000000201 /* FlowtypeApp.swift */; };
		100000000000000000000102 /* AppSettings.swift in Sources */ = {isa = PBXBuildFile; fileRef = 100000000000000000000202 /* AppSettings.swift */; };
		100000000000000000000103 /* Shortcut.swift in Sources */ = {isa = PBXBuildFile; fileRef = 100000000000000000000203 /* Shortcut.swift */; };
		100000000000000000000104 /* Models.swift in Sources */ = {isa = PBXBuildFile; fileRef = 100000000000000000000204 /* Models.swift */; };
		100000000000000000000106 /* AppStateController.swift in Sources */ = {isa = PBXBuildFile; fileRef = 100000000000000000000206 /* AppStateController.swift */; };
		100000000000000000000107 /* FlowBar.swift in Sources */ = {isa = PBXBuildFile; fileRef = 100000000000000000000207 /* FlowBar.swift */; };
		100000000000000000000108 /* HubViews.swift in Sources */ = {isa = PBXBuildFile; fileRef = 100000000000000000000208 /* HubViews.swift */; };
		100000000000000000000109 /* WhisperKit in Frameworks */ = {isa = PBXBuildFile; productRef = 100000000000000000000501 /* WhisperKit */; };
		100000000000000000000110 /* ShortcutTests.swift in Sources */ = {isa = PBXBuildFile; fileRef = 100000000000000000000301 /* ShortcutTests.swift */; };
		100000000000000000000111 /* SettingsStoreTests.swift in Sources */ = {isa = PBXBuildFile; fileRef = 100000000000000000000302 /* SettingsStoreTests.swift */; };
		100000000000000000000112 /* AudioRecorder.swift in Sources */ = {isa = PBXBuildFile; fileRef = 100000000000000000000221 /* AudioRecorder.swift */; };
		100000000000000000000113 /* Transcription.swift in Sources */ = {isa = PBXBuildFile; fileRef = 100000000000000000000222 /* Transcription.swift */; };
		100000000000000000000114 /* PasteService.swift in Sources */ = {isa = PBXBuildFile; fileRef = 100000000000000000000223 /* PasteService.swift */; };
		100000000000000000000115 /* HotKeyService.swift in Sources */ = {isa = PBXBuildFile; fileRef = 100000000000000000000224 /* HotKeyService.swift */; };
		100000000000000000000116 /* TextProcessing.swift in Sources */ = {isa = PBXBuildFile; fileRef = 100000000000000000000225 /* TextProcessing.swift */; };
		100000000000000000000117 /* SystemSupport.swift in Sources */ = {isa = PBXBuildFile; fileRef = 100000000000000000000226 /* SystemSupport.swift */; };
		100000000000000000000118 /* LibraryViews.swift in Sources */ = {isa = PBXBuildFile; fileRef = 100000000000000000000227 /* LibraryViews.swift */; };
		100000000000000000000119 /* SettingsViews.swift in Sources */ = {isa = PBXBuildFile; fileRef = 100000000000000000000228 /* SettingsViews.swift */; };
		100000000000000000000120 /* TextProcessingTests.swift in Sources */ = {isa = PBXBuildFile; fileRef = 100000000000000000000303 /* TextProcessingTests.swift */; };
		100000000000000000000130 /* Assets.xcassets in Resources */ = {isa = PBXBuildFile; fileRef = 100000000000000000000230 /* Assets.xcassets */; };
		100000000000000000000131 /* Sparkle in Frameworks */ = {isa = PBXBuildFile; productRef = 100000000000000000000503 /* Sparkle */; };
		100000000000000000000122 /* AppStateControllerTests.swift in Sources */ = {isa = PBXBuildFile; fileRef = 100000000000000000000305 /* AppStateControllerTests.swift */; };
/* End PBXBuildFile section */

/* Begin PBXContainerItemProxy section */
		100000000000000000000601 /* PBXContainerItemProxy */ = {
			isa = PBXContainerItemProxy;
			containerPortal = 100000000000000000000001 /* Project object */;
			proxyType = 1;
			remoteGlobalIDString = 100000000000000000000401;
			remoteInfo = Flowtype;
		};
/* End PBXContainerItemProxy section */

/* Begin PBXFileReference section */
		100000000000000000000201 /* FlowtypeApp.swift */ = {isa = PBXFileReference; lastKnownFileType = sourcecode.swift; path = FlowtypeApp.swift; sourceTree = "<group>"; };
		100000000000000000000202 /* AppSettings.swift */ = {isa = PBXFileReference; lastKnownFileType = sourcecode.swift; path = AppSettings.swift; sourceTree = "<group>"; };
		100000000000000000000203 /* Shortcut.swift */ = {isa = PBXFileReference; lastKnownFileType = sourcecode.swift; path = Shortcut.swift; sourceTree = "<group>"; };
		100000000000000000000204 /* Models.swift */ = {isa = PBXFileReference; lastKnownFileType = sourcecode.swift; path = Models.swift; sourceTree = "<group>"; };
		100000000000000000000206 /* AppStateController.swift */ = {isa = PBXFileReference; lastKnownFileType = sourcecode.swift; path = AppStateController.swift; sourceTree = "<group>"; };
		100000000000000000000207 /* FlowBar.swift */ = {isa = PBXFileReference; lastKnownFileType = sourcecode.swift; path = FlowBar.swift; sourceTree = "<group>"; };
		100000000000000000000208 /* HubViews.swift */ = {isa = PBXFileReference; lastKnownFileType = sourcecode.swift; path = HubViews.swift; sourceTree = "<group>"; };
		100000000000000000000209 /* Info.plist */ = {isa = PBXFileReference; lastKnownFileType = text.plist.xml; path = Info.plist; sourceTree = "<group>"; };
		100000000000000000000301 /* ShortcutTests.swift */ = {isa = PBXFileReference; lastKnownFileType = sourcecode.swift; path = ShortcutTests.swift; sourceTree = "<group>"; };
		100000000000000000000302 /* SettingsStoreTests.swift */ = {isa = PBXFileReference; lastKnownFileType = sourcecode.swift; path = SettingsStoreTests.swift; sourceTree = "<group>"; };
		100000000000000000000701 /* Flowtype.app */ = {isa = PBXFileReference; explicitFileType = wrapper.application; includeInIndex = 0; path = Flowtype.app; sourceTree = BUILT_PRODUCTS_DIR; };
		100000000000000000000702 /* FlowtypeTests.xctest */ = {isa = PBXFileReference; explicitFileType = wrapper.cfbundle; includeInIndex = 0; path = FlowtypeTests.xctest; sourceTree = BUILT_PRODUCTS_DIR; };
		100000000000000000000221 /* AudioRecorder.swift */ = {isa = PBXFileReference; lastKnownFileType = sourcecode.swift; path = AudioRecorder.swift; sourceTree = "<group>"; };
		100000000000000000000222 /* Transcription.swift */ = {isa = PBXFileReference; lastKnownFileType = sourcecode.swift; path = Transcription.swift; sourceTree = "<group>"; };
		100000000000000000000223 /* PasteService.swift */ = {isa = PBXFileReference; lastKnownFileType = sourcecode.swift; path = PasteService.swift; sourceTree = "<group>"; };
		100000000000000000000224 /* HotKeyService.swift */ = {isa = PBXFileReference; lastKnownFileType = sourcecode.swift; path = HotKeyService.swift; sourceTree = "<group>"; };
		100000000000000000000225 /* TextProcessing.swift */ = {isa = PBXFileReference; lastKnownFileType = sourcecode.swift; path = TextProcessing.swift; sourceTree = "<group>"; };
		100000000000000000000226 /* SystemSupport.swift */ = {isa = PBXFileReference; lastKnownFileType = sourcecode.swift; path = SystemSupport.swift; sourceTree = "<group>"; };
		100000000000000000000227 /* LibraryViews.swift */ = {isa = PBXFileReference; lastKnownFileType = sourcecode.swift; path = LibraryViews.swift; sourceTree = "<group>"; };
		100000000000000000000228 /* SettingsViews.swift */ = {isa = PBXFileReference; lastKnownFileType = sourcecode.swift; path = SettingsViews.swift; sourceTree = "<group>"; };
		100000000000000000000303 /* TextProcessingTests.swift */ = {isa = PBXFileReference; lastKnownFileType = sourcecode.swift; path = TextProcessingTests.swift; sourceTree = "<group>"; };
		100000000000000000000230 /* Assets.xcassets */ = {isa = PBXFileReference; lastKnownFileType = folder.assetcatalog; path = Assets.xcassets; sourceTree = "<group>"; };
		100000000000000000000231 /* Flowtype.entitlements */ = {isa = PBXFileReference; lastKnownFileType = text.plist.entitlements; path = Flowtype.entitlements; sourceTree = "<group>"; };
		100000000000000000000305 /* AppStateControllerTests.swift */ = {isa = PBXFileReference; lastKnownFileType = sourcecode.swift; path = AppStateControllerTests.swift; sourceTree = "<group>"; };
/* End PBXFileReference section */

/* Begin PBXFrameworksBuildPhase section */
		100000000000000000000801 /* Frameworks */ = {
			isa = PBXFrameworksBuildPhase;
			buildActionMask = 2147483647;
			files = (
				100000000000000000000109 /* WhisperKit in Frameworks */,
				100000000000000000000131 /* Sparkle in Frameworks */,
			);
			runOnlyForDeploymentPostprocessing = 0;
		};
		100000000000000000000802 /* Frameworks */ = {
			isa = PBXFrameworksBuildPhase;
			buildActionMask = 2147483647;
			files = (
			);
			runOnlyForDeploymentPostprocessing = 0;
		};
/* End PBXFrameworksBuildPhase section */

/* Begin PBXGroup section */
		100000000000000000000002 = {
			isa = PBXGroup;
			children = (
				100000000000000000000010 /* Flowtype */,
				100000000000000000000011 /* FlowtypeTests */,
				100000000000000000000012 /* Products */,
			);
			sourceTree = "<group>";
		};
		100000000000000000000010 /* Flowtype */ = {
			isa = PBXGroup;
			children = (
				100000000000000000000201 /* FlowtypeApp.swift */,
				100000000000000000000202 /* AppSettings.swift */,
				100000000000000000000203 /* Shortcut.swift */,
				100000000000000000000204 /* Models.swift */,
				100000000000000000000206 /* AppStateController.swift */,
				100000000000000000000207 /* FlowBar.swift */,
				100000000000000000000208 /* HubViews.swift */,
				100000000000000000000221 /* AudioRecorder.swift */,
				100000000000000000000222 /* Transcription.swift */,
				100000000000000000000223 /* PasteService.swift */,
				100000000000000000000224 /* HotKeyService.swift */,
				100000000000000000000225 /* TextProcessing.swift */,
				100000000000000000000226 /* SystemSupport.swift */,
				100000000000000000000227 /* LibraryViews.swift */,
				100000000000000000000228 /* SettingsViews.swift */,
				100000000000000000000230 /* Assets.xcassets */,
				100000000000000000000209 /* Info.plist */,
				100000000000000000000231 /* Flowtype.entitlements */,
			);
			path = Flowtype;
			sourceTree = "<group>";
		};
		100000000000000000000011 /* FlowtypeTests */ = {
			isa = PBXGroup;
			children = (
				100000000000000000000301 /* ShortcutTests.swift */,
				100000000000000000000302 /* SettingsStoreTests.swift */,
				100000000000000000000303 /* TextProcessingTests.swift */,
				100000000000000000000305 /* AppStateControllerTests.swift */,
			);
			path = FlowtypeTests;
			sourceTree = "<group>";
		};
		100000000000000000000012 /* Products */ = {
			isa = PBXGroup;
			children = (
				100000000000000000000701 /* Flowtype.app */,
				100000000000000000000702 /* FlowtypeTests.xctest */,
			);
			name = Products;
			sourceTree = "<group>";
		};
/* End PBXGroup section */

/* Begin PBXNativeTarget section */
		100000000000000000000401 /* Flowtype */ = {
			isa = PBXNativeTarget;
			buildConfigurationList = 100000000000000000000901 /* Build configuration list for PBXNativeTarget "Flowtype" */;
			buildPhases = (
				100000000000000000000803 /* Sources */,
				100000000000000000000801 /* Frameworks */,
				100000000000000000000804 /* Resources */,
			);
			buildRules = (
			);
			dependencies = (
			);
			name = Flowtype;
			packageProductDependencies = (
				100000000000000000000501 /* WhisperKit */,
				100000000000000000000503 /* Sparkle */,
			);
			productName = Flowtype;
			productReference = 100000000000000000000701 /* Flowtype.app */;
			productType = "com.apple.product-type.application";
		};
		100000000000000000000402 /* FlowtypeTests */ = {
			isa = PBXNativeTarget;
			buildConfigurationList = 100000000000000000000902 /* Build configuration list for PBXNativeTarget "FlowtypeTests" */;
			buildPhases = (
				100000000000000000000805 /* Sources */,
				100000000000000000000802 /* Frameworks */,
				100000000000000000000806 /* Resources */,
			);
			buildRules = (
			);
			dependencies = (
				100000000000000000000602 /* PBXTargetDependency */,
			);
			name = FlowtypeTests;
			productName = FlowtypeTests;
			productReference = 100000000000000000000702 /* FlowtypeTests.xctest */;
			productType = "com.apple.product-type.bundle.unit-test";
		};
/* End PBXNativeTarget section */

/* Begin PBXProject section */
		100000000000000000000001 /* Project object */ = {
			isa = PBXProject;
			attributes = {
				BuildIndependentTargetsInParallel = 1;
				LastSwiftUpdateCheck = 2640;
				LastUpgradeCheck = 2640;
				TargetAttributes = {
					100000000000000000000401 = {
						CreatedOnToolsVersion = 26.4.1;
					};
					100000000000000000000402 = {
						CreatedOnToolsVersion = 26.4.1;
						TestTargetID = 100000000000000000000401;
					};
				};
			};
			buildConfigurationList = 100000000000000000000900 /* Build configuration list for PBXProject "Flowtype" */;
			compatibilityVersion = "Xcode 14.0";
			developmentRegion = en;
			hasScannedForEncodings = 0;
			knownRegions = (
				en,
				Base,
			);
			mainGroup = 100000000000000000000002;
			packageReferences = (
				100000000000000000000500 /* XCRemoteSwiftPackageReference "argmax-oss-swift" */,
				100000000000000000000502 /* XCRemoteSwiftPackageReference "Sparkle" */,
			);
			productRefGroup = 100000000000000000000012 /* Products */;
			projectDirPath = "";
			projectRoot = "";
			targets = (
				100000000000000000000401 /* Flowtype */,
				100000000000000000000402 /* FlowtypeTests */,
			);
		};
/* End PBXProject section */

/* Begin PBXResourcesBuildPhase section */
		100000000000000000000804 /* Resources */ = {
			isa = PBXResourcesBuildPhase;
			buildActionMask = 2147483647;
			files = (
				100000000000000000000130 /* Assets.xcassets in Resources */,
			);
			runOnlyForDeploymentPostprocessing = 0;
		};
		100000000000000000000806 /* Resources */ = {
			isa = PBXResourcesBuildPhase;
			buildActionMask = 2147483647;
			files = (
			);
			runOnlyForDeploymentPostprocessing = 0;
		};
/* End PBXResourcesBuildPhase section */

/* Begin PBXSourcesBuildPhase section */
		100000000000000000000803 /* Sources */ = {
			isa = PBXSourcesBuildPhase;
			buildActionMask = 2147483647;
			files = (
				100000000000000000000101 /* FlowtypeApp.swift in Sources */,
				100000000000000000000102 /* AppSettings.swift in Sources */,
				100000000000000000000103 /* Shortcut.swift in Sources */,
				100000000000000000000104 /* Models.swift in Sources */,
				100000000000000000000106 /* AppStateController.swift in Sources */,
				100000000000000000000107 /* FlowBar.swift in Sources */,
				100000000000000000000108 /* HubViews.swift in Sources */,
				100000000000000000000112 /* AudioRecorder.swift in Sources */,
				100000000000000000000113 /* Transcription.swift in Sources */,
				100000000000000000000114 /* PasteService.swift in Sources */,
				100000000000000000000115 /* HotKeyService.swift in Sources */,
				100000000000000000000116 /* TextProcessing.swift in Sources */,
				100000000000000000000117 /* SystemSupport.swift in Sources */,
				100000000000000000000118 /* LibraryViews.swift in Sources */,
				100000000000000000000119 /* SettingsViews.swift in Sources */,
			);
			runOnlyForDeploymentPostprocessing = 0;
		};
		100000000000000000000805 /* Sources */ = {
			isa = PBXSourcesBuildPhase;
			buildActionMask = 2147483647;
			files = (
				100000000000000000000110 /* ShortcutTests.swift in Sources */,
				100000000000000000000111 /* SettingsStoreTests.swift in Sources */,
				100000000000000000000120 /* TextProcessingTests.swift in Sources */,
				100000000000000000000122 /* AppStateControllerTests.swift in Sources */,
			);
			runOnlyForDeploymentPostprocessing = 0;
		};
/* End PBXSourcesBuildPhase section */

/* Begin PBXTargetDependency section */
		100000000000000000000602 /* PBXTargetDependency */ = {
			isa = PBXTargetDependency;
			target = 100000000000000000000401 /* Flowtype */;
			targetProxy = 100000000000000000000601 /* PBXContainerItemProxy */;
		};
/* End PBXTargetDependency section */

/* Begin XCBuildConfiguration section */
		100000000000000000000910 /* Debug */ = {
			isa = XCBuildConfiguration;
			buildSettings = {
				ALWAYS_SEARCH_USER_PATHS = NO;
				CLANG_ANALYZER_NONNULL = YES;
				CLANG_ANALYZER_NUMBER_OBJECT_CONVERSION = YES_AGGRESSIVE;
				CLANG_CXX_LANGUAGE_STANDARD = "gnu++20";
				CLANG_ENABLE_MODULES = YES;
				CLANG_ENABLE_OBJC_ARC = YES;
				CLANG_ENABLE_OBJC_WEAK = YES;
				CLANG_WARN_BLOCK_CAPTURE_AUTORELEASING = YES;
				CLANG_WARN_BOOL_CONVERSION = YES;
				CLANG_WARN_COMMA = YES;
				CLANG_WARN_CONSTANT_CONVERSION = YES;
				CLANG_WARN_DEPRECATED_OBJC_IMPLEMENTATIONS = YES;
				CLANG_WARN_DIRECT_OBJC_ISA_USAGE = YES_ERROR;
				CLANG_WARN_DOCUMENTATION_COMMENTS = YES;
				CLANG_WARN_EMPTY_BODY = YES;
				CLANG_WARN_ENUM_CONVERSION = YES;
				CLANG_WARN_INFINITE_RECURSION = YES;
				CLANG_WARN_INT_CONVERSION = YES;
				CLANG_WARN_NON_LITERAL_NULL_CONVERSION = YES;
				CLANG_WARN_OBJC_IMPLICIT_RETAIN_SELF = YES;
				CLANG_WARN_OBJC_LITERAL_CONVERSION = YES;
				CLANG_WARN_OBJC_ROOT_CLASS = YES_ERROR;
				CLANG_WARN_QUOTED_INCLUDE_IN_FRAMEWORK_HEADER = YES;
				CLANG_WARN_RANGE_LOOP_ANALYSIS = YES;
				CLANG_WARN_STRICT_PROTOTYPES = YES;
				CLANG_WARN_SUSPICIOUS_MOVE = YES;
				CLANG_WARN_UNGUARDED_AVAILABILITY = YES_AGGRESSIVE;
				CLANG_WARN_UNREACHABLE_CODE = YES;
				CLANG_WARN__DUPLICATE_METHOD_MATCH = YES;
				COPY_PHASE_STRIP = NO;
				DEAD_CODE_STRIPPING = YES;
				DEBUG_INFORMATION_FORMAT = dwarf;
				ENABLE_STRICT_OBJC_MSGSEND = YES;
				ENABLE_TESTABILITY = YES;
				ENABLE_USER_SCRIPT_SANDBOXING = YES;
				GCC_C_LANGUAGE_STANDARD = gnu17;
				GCC_DYNAMIC_NO_PIC = NO;
				GCC_NO_COMMON_BLOCKS = YES;
				GCC_OPTIMIZATION_LEVEL = 0;
				GCC_PREPROCESSOR_DEFINITIONS = (
					"DEBUG=1",
					"$(inherited)",
				);
				GCC_WARN_64_TO_32_BIT_CONVERSION = YES;
				GCC_WARN_ABOUT_RETURN_TYPE = YES_ERROR;
				GCC_WARN_UNDECLARED_SELECTOR = YES;
				GCC_WARN_UNINITIALIZED_AUTOS = YES_AGGRESSIVE;
				GCC_WARN_UNUSED_FUNCTION = YES;
				GCC_WARN_UNUSED_VARIABLE = YES;
				MACOSX_DEPLOYMENT_TARGET = 14.0;
				ONLY_ACTIVE_ARCH = YES;
				SDKROOT = macosx;
				STRING_CATALOG_GENERATE_SYMBOLS = YES;
				SWIFT_ACTIVE_COMPILATION_CONDITIONS = DEBUG;
				SWIFT_OPTIMIZATION_LEVEL = "-Onone";
			};
			name = Debug;
		};
		100000000000000000000911 /* Release */ = {
			isa = XCBuildConfiguration;
			buildSettings = {
				ALWAYS_SEARCH_USER_PATHS = NO;
				CLANG_ANALYZER_NONNULL = YES;
				CLANG_ANALYZER_NUMBER_OBJECT_CONVERSION = YES_AGGRESSIVE;
				CLANG_CXX_LANGUAGE_STANDARD = "gnu++20";
				CLANG_ENABLE_MODULES = YES;
				CLANG_ENABLE_OBJC_ARC = YES;
				CLANG_ENABLE_OBJC_WEAK = YES;
				CLANG_WARN_BLOCK_CAPTURE_AUTORELEASING = YES;
				CLANG_WARN_BOOL_CONVERSION = YES;
				CLANG_WARN_COMMA = YES;
				CLANG_WARN_CONSTANT_CONVERSION = YES;
				CLANG_WARN_DEPRECATED_OBJC_IMPLEMENTATIONS = YES;
				CLANG_WARN_DIRECT_OBJC_ISA_USAGE = YES_ERROR;
				CLANG_WARN_DOCUMENTATION_COMMENTS = YES;
				CLANG_WARN_EMPTY_BODY = YES;
				CLANG_WARN_ENUM_CONVERSION = YES;
				CLANG_WARN_INFINITE_RECURSION = YES;
				CLANG_WARN_INT_CONVERSION = YES;
				CLANG_WARN_NON_LITERAL_NULL_CONVERSION = YES;
				CLANG_WARN_OBJC_IMPLICIT_RETAIN_SELF = YES;
				CLANG_WARN_OBJC_LITERAL_CONVERSION = YES;
				CLANG_WARN_OBJC_ROOT_CLASS = YES_ERROR;
				CLANG_WARN_QUOTED_INCLUDE_IN_FRAMEWORK_HEADER = YES;
				CLANG_WARN_RANGE_LOOP_ANALYSIS = YES;
				CLANG_WARN_STRICT_PROTOTYPES = YES;
				CLANG_WARN_SUSPICIOUS_MOVE = YES;
				CLANG_WARN_UNGUARDED_AVAILABILITY = YES_AGGRESSIVE;
				CLANG_WARN_UNREACHABLE_CODE = YES;
				CLANG_WARN__DUPLICATE_METHOD_MATCH = YES;
				COPY_PHASE_STRIP = NO;
				DEAD_CODE_STRIPPING = YES;
				DEBUG_INFORMATION_FORMAT = "dwarf-with-dsym";
				ENABLE_NS_ASSERTIONS = NO;
				ENABLE_STRICT_OBJC_MSGSEND = YES;
				ENABLE_USER_SCRIPT_SANDBOXING = YES;
				GCC_C_LANGUAGE_STANDARD = gnu17;
				GCC_NO_COMMON_BLOCKS = YES;
				GCC_WARN_64_TO_32_BIT_CONVERSION = YES;
				GCC_WARN_ABOUT_RETURN_TYPE = YES_ERROR;
				GCC_WARN_UNDECLARED_SELECTOR = YES;
				GCC_WARN_UNINITIALIZED_AUTOS = YES_AGGRESSIVE;
				GCC_WARN_UNUSED_FUNCTION = YES;
				GCC_WARN_UNUSED_VARIABLE = YES;
				MACOSX_DEPLOYMENT_TARGET = 14.0;
				SDKROOT = macosx;
				STRING_CATALOG_GENERATE_SYMBOLS = YES;
				SWIFT_COMPILATION_MODE = wholemodule;
				SWIFT_OPTIMIZATION_LEVEL = "-O";
			};
			name = Release;
		};
		100000000000000000000912 /* Debug */ = {
			isa = XCBuildConfiguration;
			buildSettings = {
				ASSETCATALOG_COMPILER_APPICON_NAME = AppIcon;
				CODE_SIGN_STYLE = Automatic;
				COMBINE_HIDPI_IMAGES = YES;
				CURRENT_PROJECT_VERSION = 1;
				DEAD_CODE_STRIPPING = YES;
				DEVELOPMENT_TEAM = HZHNBYQCWN;
				GENERATE_INFOPLIST_FILE = NO;
				CODE_SIGN_ENTITLEMENTS = Flowtype/Flowtype.entitlements;
				ENABLE_HARDENED_RUNTIME = YES;
				INFOPLIST_FILE = Flowtype/Info.plist;
				LD_RUNPATH_SEARCH_PATHS = (
					"$(inherited)",
					"@executable_path/../Frameworks",
				);
				MACOSX_DEPLOYMENT_TARGET = 14.0;
				MARKETING_VERSION = 0.2.0;
				PRODUCT_BUNDLE_IDENTIFIER = studio.infinitumlabs.flowtype;
				PRODUCT_MODULE_NAME = Flowtype;
				PRODUCT_NAME = Flowtype;
				SWIFT_EMIT_LOC_STRINGS = YES;
				SWIFT_VERSION = 6.0;
			};
			name = Debug;
		};
		100000000000000000000913 /* Release */ = {
			isa = XCBuildConfiguration;
			buildSettings = {
				ASSETCATALOG_COMPILER_APPICON_NAME = AppIcon;
				CODE_SIGN_STYLE = Automatic;
				COMBINE_HIDPI_IMAGES = YES;
				CURRENT_PROJECT_VERSION = 1;
				DEAD_CODE_STRIPPING = YES;
				DEVELOPMENT_TEAM = HZHNBYQCWN;
				GENERATE_INFOPLIST_FILE = NO;
				CODE_SIGN_ENTITLEMENTS = Flowtype/Flowtype.entitlements;
				ENABLE_HARDENED_RUNTIME = YES;
				INFOPLIST_FILE = Flowtype/Info.plist;
				LD_RUNPATH_SEARCH_PATHS = (
					"$(inherited)",
					"@executable_path/../Frameworks",
				);
				MACOSX_DEPLOYMENT_TARGET = 14.0;
				MARKETING_VERSION = 0.2.0;
				PRODUCT_BUNDLE_IDENTIFIER = studio.infinitumlabs.flowtype;
				PRODUCT_MODULE_NAME = Flowtype;
				PRODUCT_NAME = Flowtype;
				SWIFT_EMIT_LOC_STRINGS = YES;
				SWIFT_VERSION = 6.0;
			};
			name = Release;
		};
		100000000000000000000914 /* Debug */ = {
			isa = XCBuildConfiguration;
			buildSettings = {
				BUNDLE_LOADER = "$(TEST_HOST)";
				CODE_SIGN_STYLE = Automatic;
				DEVELOPMENT_TEAM = HZHNBYQCWN;
				DEAD_CODE_STRIPPING = YES;
				GENERATE_INFOPLIST_FILE = YES;
				LD_RUNPATH_SEARCH_PATHS = (
					"$(inherited)",
					"@executable_path/../Frameworks",
					"@loader_path/../Frameworks",
				);
				MACOSX_DEPLOYMENT_TARGET = 14.0;
				PRODUCT_BUNDLE_IDENTIFIER = studio.infinitumlabs.flowtype.tests;
				PRODUCT_NAME = "$(TARGET_NAME)";
				SWIFT_VERSION = 6.0;
				TEST_HOST = "$(BUILT_PRODUCTS_DIR)/Flowtype.app/Contents/MacOS/Flowtype";
			};
			name = Debug;
		};
		100000000000000000000915 /* Release */ = {
			isa = XCBuildConfiguration;
			buildSettings = {
				BUNDLE_LOADER = "$(TEST_HOST)";
				CODE_SIGN_STYLE = Automatic;
				DEVELOPMENT_TEAM = HZHNBYQCWN;
				DEAD_CODE_STRIPPING = YES;
				GENERATE_INFOPLIST_FILE = YES;
				LD_RUNPATH_SEARCH_PATHS = (
					"$(inherited)",
					"@executable_path/../Frameworks",
					"@loader_path/../Frameworks",
				);
				MACOSX_DEPLOYMENT_TARGET = 14.0;
				PRODUCT_BUNDLE_IDENTIFIER = studio.infinitumlabs.flowtype.tests;
				PRODUCT_NAME = "$(TARGET_NAME)";
				SWIFT_VERSION = 6.0;
				TEST_HOST = "$(BUILT_PRODUCTS_DIR)/Flowtype.app/Contents/MacOS/Flowtype";
			};
			name = Release;
		};
/* End XCBuildConfiguration section */

/* Begin XCConfigurationList section */
		100000000000000000000900 /* Build configuration list for PBXProject "Flowtype" */ = {
			isa = XCConfigurationList;
			buildConfigurations = (
				100000000000000000000910 /* Debug */,
				100000000000000000000911 /* Release */,
			);
			defaultConfigurationIsVisible = 0;
			defaultConfigurationName = Release;
		};
		100000000000000000000901 /* Build configuration list for PBXNativeTarget "Flowtype" */ = {
			isa = XCConfigurationList;
			buildConfigurations = (
				100000000000000000000912 /* Debug */,
				100000000000000000000913 /* Release */,
			);
			defaultConfigurationIsVisible = 0;
			defaultConfigurationName = Release;
		};
		100000000000000000000902 /* Build configuration list for PBXNativeTarget "FlowtypeTests" */ = {
			isa = XCConfigurationList;
			buildConfigurations = (
				100000000000000000000914 /* Debug */,
				100000000000000000000915 /* Release */,
			);
			defaultConfigurationIsVisible = 0;
			defaultConfigurationName = Release;
		};
/* End XCConfigurationList section */

/* Begin XCRemoteSwiftPackageReference section */
		100000000000000000000500 /* XCRemoteSwiftPackageReference "argmax-oss-swift" */ = {
			isa = XCRemoteSwiftPackageReference;
			repositoryURL = "https://github.com/argmaxinc/argmax-oss-swift.git";
			requirement = {
				kind = upToNextMajorVersion;
				minimumVersion = 0.9.0;
			};
		};
		100000000000000000000502 /* XCRemoteSwiftPackageReference "Sparkle" */ = {
			isa = XCRemoteSwiftPackageReference;
			repositoryURL = "https://github.com/sparkle-project/Sparkle";
			requirement = {
				kind = upToNextMajorVersion;
				minimumVersion = 2.6.0;
			};
		};
/* End XCRemoteSwiftPackageReference section */

/* Begin XCSwiftPackageProductDependency section */
		100000000000000000000501 /* WhisperKit */ = {
			isa = XCSwiftPackageProductDependency;
			package = 100000000000000000000500 /* XCRemoteSwiftPackageReference "argmax-oss-swift" */;
			productName = WhisperKit;
		};
		100000000000000000000503 /* Sparkle */ = {
			isa = XCSwiftPackageProductDependency;
			package = 100000000000000000000502 /* XCRemoteSwiftPackageReference "Sparkle" */;
			productName = Sparkle;
		};
/* End XCSwiftPackageProductDependency section */
	};
	rootObject = 100000000000000000000001 /* Project object */;
}
